// !$*UTF8*$!
{
	archiveVersion = 1;
	classes = {
	};
	objectVersion = 48;
	objects = {

/* Begin PBXBuildFile section */
		17FCBD6920148FF3008B2871 /* AppDelegate.swift in Sources */ = {isa = PBXBuildFile; fileRef = 17FCBD6820148FF3008B2871 /* AppDelegate.swift */; };
		17FCBD6B20148FF3008B2871 /* ViewController.swift in Sources */ = {isa = PBXBuildFile; fileRef = 17FCBD6A20148FF3008B2871 /* ViewController.swift */; };
		17FCBD6D20148FF3008B2871 /* Assets.xcassets in Resources */ = {isa = PBXBuildFile; fileRef = 17FCBD6C20148FF3008B2871 /* Assets.xcassets */; };
		17FCBD7020148FF3008B2871 /* Main.storyboard in Resources */ = {isa = PBXBuildFile; fileRef = 17FCBD6E20148FF3008B2871 /* Main.storyboard */; };
		17FCBD902014FB6B008B2871 /* build in Resources */ = {isa = PBXBuildFile; fileRef = 17FCBD7D2014FB6A008B2871 /* build */; };
		17FCBD912014FB6B008B2871 /* bin in Resources */ = {isa = PBXBuildFile; fileRef = 17FCBD7E2014FB6A008B2871 /* bin */; };
		17FCBD922014FB6B008B2871 /* SMCKit in Resources */ = {isa = PBXBuildFile; fileRef = 17FCBD7F2014FB6B008B2871 /* SMCKit */; };
		17FCBD932014FB6B008B2871 /* SMCKitTool in Resources */ = {isa = PBXBuildFile; fileRef = 17FCBD8F2014FB6B008B2871 /* SMCKitTool */; };
/* End PBXBuildFile section */

/* Begin PBXContainerItemProxy section */
		17FCBD872014FB6B008B2871 /* PBXContainerItemProxy */ = {
			isa = PBXContainerItemProxy;
			containerPortal = 17FCBD802014FB6B008B2871 /* SMCKit.xcodeproj */;
			proxyType = 2;
			remoteGlobalIDString = 4CE5668B1A00A48800787F6B;
			remoteInfo = SMCKit;
		};
		17FCBD892014FB6B008B2871 /* PBXContainerItemProxy */ = {
			isa = PBXContainerItemProxy;
			containerPortal = 17FCBD802014FB6B008B2871 /* SMCKit.xcodeproj */;
			proxyType = 2;
			remoteGlobalIDString = 4CE566961A00A48800787F6B;
			remoteInfo = SMCKitTests;
		};
		17FCBD8B2014FB6B008B2871 /* PBXContainerItemProxy */ = {
			isa = PBXContainerItemProxy;
			containerPortal = 17FCBD802014FB6B008B2871 /* SMCKit.xcodeproj */;
			proxyType = 2;
			remoteGlobalIDString = 4CDDA69D1AEC0D010037CE7B;
			remoteInfo = powermetricsTests;
		};
		17FCBD8D2014FB6B008B2871 /* PBXContainerItemProxy */ = {
			isa = PBXContainerItemProxy;
			containerPortal = 17FCBD802014FB6B008B2871 /* SMCKit.xcodeproj */;
			proxyType = 2;
			remoteGlobalIDString = 4C982BDD1A040CD500F4A639;
			remoteInfo = SMCKitTool;
		};
/* End PBXContainerItemProxy section */

/* Begin PBXFileReference section */
		17FCBD6520148FF3008B2871 /* fancontrol.app */ = {isa = PBXFileReference; explicitFileType = wrapper.application; includeInIndex = 0; path = fancontrol.app; sourceTree = BUILT_PRODUCTS_DIR; };
		17FCBD6820148FF3008B2871 /* AppDelegate.swift */ = {isa = PBXFileReference; lastKnownFileType = sourcecode.swift; path = AppDelegate.swift; sourceTree = "<group>"; };
		17FCBD6A20148FF3008B2871 /* ViewController.swift */ = {isa = PBXFileReference; lastKnownFileType = sourcecode.swift; path = ViewController.swift; sourceTree = "<group>"; };
		17FCBD6C20148FF3008B2871 /* Assets.xcassets */ = {isa = PBXFileReference; lastKnownFileType = folder.assetcatalog; path = Assets.xcassets; sourceTree = "<group>"; };
		17FCBD6F20148FF3008B2871 /* Base */ = {isa = PBXFileReference; lastKnownFileType = file.storyboard; name = Base; path = Base.lproj/Main.storyboard; sourceTree = "<group>"; };
		17FCBD7120148FF3008B2871 /* Info.plist */ = {isa = PBXFileReference; lastKnownFileType = text.plist.xml; path = Info.plist; sourceTree = "<group>"; };
		17FCBD7220148FF3008B2871 /* fancontrol.entitlements */ = {isa = PBXFileReference; lastKnownFileType = text.plist.entitlements; path = fancontrol.entitlements; sourceTree = "<group>"; };
		17FCBD7D2014FB6A008B2871 /* build */ = {isa = PBXFileReference; lastKnownFileType = folder; path = build; sourceTree = "<group>"; };
		17FCBD7E2014FB6A008B2871 /* bin */ = {isa = PBXFileReference; lastKnownFileType = folder; path = bin; sourceTree = "<group>"; };
		17FCBD7F2014FB6B008B2871 /* SMCKit */ = {isa = PBXFileReference; lastKnownFileType = folder; path = SMCKit; sourceTree = "<group>"; };
		17FCBD802014FB6B008B2871 /* SMCKit.xcodeproj */ = {isa = PBXFileReference; lastKnownFileType = "wrapper.pb-project"; path = SMCKit.xcodeproj; sourceTree = "<group>"; };
		17FCBD8F2014FB6B008B2871 /* SMCKitTool */ = {isa = PBXFileReference; lastKnownFileType = folder; path = SMCKitTool; sourceTree = "<group>"; };
/* End PBXFileReference section */

/* Begin PBXFrameworksBuildPhase section */
		17FCBD6220148FF3008B2871 /* Frameworks */ = {
			isa = PBXFrameworksBuildPhase;
			buildActionMask = 2147483647;
			files = (
			);
			runOnlyForDeploymentPostprocessing = 0;
		};
/* End PBXFrameworksBuildPhase section */

/* Begin PBXGroup section */
		17FCBD5C20148FF3008B2871 = {
			isa = PBXGroup;
			children = (
				17FCBD6720148FF3008B2871 /* fancontrol */,
				17FCBD6620148FF3008B2871 /* Products */,
			);
			sourceTree = "<group>";
		};
		17FCBD6620148FF3008B2871 /* Products */ = {
			isa = PBXGroup;
			children = (
				17FCBD6520148FF3008B2871 /* fancontrol.app */,
			);
			name = Products;
			sourceTree = "<group>";
		};
		17FCBD6720148FF3008B2871 /* fancontrol */ = {
			isa = PBXGroup;
			children = (
				17FCBD7C2014FA47008B2871 /* module */,
				17FCBD6820148FF3008B2871 /* AppDelegate.swift */,
				17FCBD6A20148FF3008B2871 /* ViewController.swift */,
				17FCBD6C20148FF3008B2871 /* Assets.xcassets */,
				17FCBD6E20148FF3008B2871 /* Main.storyboard */,
				17FCBD7120148FF3008B2871 /* Info.plist */,
				17FCBD7220148FF3008B2871 /* fancontrol.entitlements */,
			);
			path = fancontrol;
			sourceTree = "<group>";
		};
		17FCBD7C2014FA47008B2871 /* module */ = {
			isa = PBXGroup;
			children = (
				17FCBD7E2014FB6A008B2871 /* bin */,
				17FCBD7D2014FB6A008B2871 /* build */,
				17FCBD7F2014FB6B008B2871 /* SMCKit */,
				17FCBD802014FB6B008B2871 /* SMCKit.xcodeproj */,
				17FCBD8F2014FB6B008B2871 /* SMCKitTool */,
			);
			path = module;
			sourceTree = "<group>";
		};
		17FCBD812014FB6B008B2871 /* Products */ = {
			isa = PBXGroup;
			children = (
				17FCBD882014FB6B008B2871 /* SMCKit.framework */,
				17FCBD8A2014FB6B008B2871 /* SMCKitTests.xctest */,
				17FCBD8C2014FB6B008B2871 /* powermetricsTests */,
				17FCBD8E2014FB6B008B2871 /* SMCKitTool */,
			);
			name = Products;
			sourceTree = "<group>";
		};
/* End PBXGroup section */

/* Begin PBXNativeTarget section */
		17FCBD6420148FF3008B2871 /* fancontrol */ = {
			isa = PBXNativeTarget;
			buildConfigurationList = 17FCBD7520148FF4008B2871 /* Build configuration list for PBXNativeTarget "fancontrol" */;
			buildPhases = (
				17FCBD6120148FF3008B2871 /* Sources */,
				17FCBD6220148FF3008B2871 /* Frameworks */,
				17FCBD6320148FF3008B2871 /* Resources */,
			);
			buildRules = (
			);
			dependencies = (
			);
			name = fancontrol;
			productName = fancontrol;
			productReference = 17FCBD6520148FF3008B2871 /* fancontrol.app */;
			productType = "com.apple.product-type.application";
		};
/* End PBXNativeTarget section */

/* Begin PBXProject section */
		17FCBD5D20148FF3008B2871 /* Project object */ = {
			isa = PBXProject;
			attributes = {
				LastSwiftUpdateCheck = 0920;
				LastUpgradeCheck = 0920;
				ORGANIZATIONNAME = com.Florian;
				TargetAttributes = {
					17FCBD6420148FF3008B2871 = {
						CreatedOnToolsVersion = 9.2;
						ProvisioningStyle = Automatic;
					};
				};
			};
			buildConfigurationList = 17FCBD6020148FF3008B2871 /* Build configuration list for PBXProject "fancontrol" */;
			compatibilityVersion = "Xcode 8.0";
			developmentRegion = en;
			hasScannedForEncodings = 0;
			knownRegions = (
				en,
				Base,
			);
			mainGroup = 17FCBD5C20148FF3008B2871;
			productRefGroup = 17FCBD6620148FF3008B2871 /* Products */;
			projectDirPath = "";
			projectReferences = (
				{
					ProductGroup = 17FCBD812014FB6B008B2871 /* Products */;
					ProjectRef = 17FCBD802014FB6B008B2871 /* SMCKit.xcodeproj */;
				},
			);
			projectRoot = "";
			targets = (
				17FCBD6420148FF3008B2871 /* fancontrol */,
			);
		};
/* End PBXProject section */

/* Begin PBXReferenceProxy section */
		17FCBD882014FB6B008B2871 /* SMCKit.framework */ = {
			isa = PBXReferenceProxy;
			fileType = wrapper.framework;
			path = SMCKit.framework;
			remoteRef = 17FCBD872014FB6B008B2871 /* PBXContainerItemProxy */;
			sourceTree = BUILT_PRODUCTS_DIR;
		};
		17FCBD8A2014FB6B008B2871 /* SMCKitTests.xctest */ = {
			isa = PBXReferenceProxy;
			fileType = wrapper.cfbundle;
			path = SMCKitTests.xctest;
			remoteRef = 17FCBD892014FB6B008B2871 /* PBXContainerItemProxy */;
			sourceTree = BUILT_PRODUCTS_DIR;
		};
		17FCBD8C2014FB6B008B2871 /* powermetricsTests */ = {
			isa = PBXReferenceProxy;
			fileType = "compiled.mach-o.executable";
			path = powermetricsTests;
			remoteRef = 17FCBD8B2014FB6B008B2871 /* PBXContainerItemProxy */;
			sourceTree = BUILT_PRODUCTS_DIR;
		};
		17FCBD8E2014FB6B008B2871 /* SMCKitTool */ = {
			isa = PBXReferenceProxy;
			fileType = "compiled.mach-o.executable";
			path = SMCKitTool;
			remoteRef = 17FCBD8D2014FB6B008B2871 /* PBXContainerItemProxy */;
			sourceTree = BUILT_PRODUCTS_DIR;
		};
/* End PBXReferenceProxy section */

/* Begin PBXResourcesBuildPhase section */
		17FCBD6320148FF3008B2871 /* Resources */ = {
			isa = PBXResourcesBuildPhase;
			buildActionMask = 2147483647;
			files = (
				17FCBD922014FB6B008B2871 /* SMCKit in Resources */,
				17FCBD912014FB6B008B2871 /* bin in Resources */,
				17FCBD902014FB6B008B2871 /* build in Resources */,
				17FCBD6D20148FF3008B2871 /* Assets.xcassets in Resources */,
				17FCBD7020148FF3008B2871 /* Main.storyboard in Resources */,
				17FCBD932014FB6B008B2871 /* SMCKitTool in Resources */,
			);
			runOnlyForDeploymentPostprocessing = 0;
		};
/* End PBXResourcesBuildPhase section */

/* Begin PBXSourcesBuildPhase section */
		17FCBD6120148FF3008B2871 /* Sources */ = {
			isa = PBXSourcesBuildPhase;
			buildActionMask = 2147483647;
			files = (
				17FCBD6B20148FF3008B2871 /* ViewController.swift in Sources */,
				17FCBD6920148FF3008B2871 /* AppDelegate.swift in Sources */,
			);
			runOnlyForDeploymentPostprocessing = 0;
		};
/* End PBXSourcesBuildPhase section */

/* Begin PBXVariantGroup section */
		17FCBD6E20148FF3008B2871 /* Main.storyboard */ = {
			isa = PBXVariantGroup;
			children = (
				17FCBD6F20148FF3008B2871 /* Base */,
			);
			name = Main.storyboard;
			sourceTree = "<group>";
		};
/* End PBXVariantGroup section */

/* Begin XCBuildConfiguration section */
		17FCBD7320148FF4008B2871 /* Debug */ = {
			isa = XCBuildConfiguration;
			buildSettings = {
				ALWAYS_SEARCH_USER_PATHS = NO;
				CLANG_ANALYZER_NONNULL = YES;
				CLANG_ANALYZER_NUMBER_OBJECT_CONVERSION = YES_AGGRESSIVE;
				CLANG_CXX_LANGUAGE_STANDARD = "gnu++14";
				CLANG_CXX_LIBRARY = "libc++";
				CLANG_ENABLE_MODULES = YES;
				CLANG_ENABLE_OBJC_ARC = YES;
				CLANG_WARN_BLOCK_CAPTURE_AUTORELEASING = YES;
				CLANG_WARN_BOOL_CONVERSION = YES;
				CLANG_WARN_COMMA = YES;
				CLANG_WARN_CONSTANT_CONVERSION = YES;
				CLANG_WARN_DIRECT_OBJC_ISA_USAGE = YES_ERROR;
				CLANG_WARN_DOCUMENTATION_COMMENTS = YES;
				CLANG_WARN_EMPTY_BODY = YES;
				CLANG_WARN_ENUM_CONVERSION = YES;
				CLANG_WARN_INFINITE_RECURSION = YES;
				CLANG_WARN_INT_CONVERSION = YES;
				CLANG_WARN_NON_LITERAL_NULL_CONVERSION = YES;
				CLANG_WARN_OBJC_LITERAL_CONVERSION = YES;
				CLANG_WARN_OBJC_ROOT_CLASS = YES_ERROR;
				CLANG_WARN_RANGE_LOOP_ANALYSIS = YES;
				CLANG_WARN_STRICT_PROTOTYPES = YES;
				CLANG_WARN_SUSPICIOUS_MOVE = YES;
				CLANG_WARN_UNGUARDED_AVAILABILITY = YES_AGGRESSIVE;
				CLANG_WARN_UNREACHABLE_CODE = YES;
				CLANG_WARN__DUPLICATE_METHOD_MATCH = YES;
				CODE_SIGN_IDENTITY = "Mac Developer";
				COPY_PHASE_STRIP = NO;
				DEBUG_INFORMATION_FORMAT = dwarf;
				ENABLE_STRICT_OBJC_MSGSEND = YES;
				ENABLE_TESTABILITY = YES;
				GCC_C_LANGUAGE_STANDARD = gnu11;
				GCC_DYNAMIC_NO_PIC = NO;
				GCC_NO_COMMON_BLOCKS = YES;
				GCC_OPTIMIZATION_LEVEL = 0;
				GCC_PREPROCESSOR_DEFINITIONS = (
					"DEBUG=1",
					"$(inherited)",
				);
				GCC_WARN_64_TO_32_BIT_CONVERSION = YES;
				GCC_WARN_ABOUT_RETURN_TYPE = YES_ERROR;
				GCC_WARN_UNDECLARED_SELECTOR = YES;
				GCC_WARN_UNINITIALIZED_AUTOS = YES_AGGRESSIVE;
				GCC_WARN_UNUSED_FUNCTION = YES;
				GCC_WARN_UNUSED_VARIABLE = YES;
				MACOSX_DEPLOYMENT_TARGET = 10.13;
				MTL_ENABLE_DEBUG_INFO = YES;
				ONLY_ACTIVE_ARCH = YES;
				SDKROOT = macosx;
				SWIFT_ACTIVE_COMPILATION_CONDITIONS = DEBUG;
				SWIFT_OPTIMIZATION_LEVEL = "-Onone";
			};
			name = Debug;
		};
		17FCBD7420148FF4008B2871 /* Release */ = {
			isa = XCBuildConfiguration;
			buildSettings = {
				ALWAYS_SEARCH_USER_PATHS = NO;
				CLANG_ANALYZER_NONNULL = YES;
				CLANG_ANALYZER_NUMBER_OBJECT_CONVERSION = YES_AGGRESSIVE;
				CLANG_CXX_LANGUAGE_STANDARD = "gnu++14";
				CLANG_CXX_LIBRARY = "libc++";
				CLANG_ENABLE_MODULES = YES;
				CLANG_ENABLE_OBJC_ARC = YES;
				CLANG_WARN_BLOCK_CAPTURE_AUTORELEASING = YES;
				CLANG_WARN_BOOL_CONVERSION = YES;
				CLANG_WARN_COMMA = YES;
				CLANG_WARN_CONSTANT_CONVERSION = YES;
				CLANG_WARN_DIRECT_OBJC_ISA_USAGE = YES_ERROR;
				CLANG_WARN_DOCUMENTATION_COMMENTS = YES;
				CLANG_WARN_EMPTY_BODY = YES;
				CLANG_WARN_ENUM_CONVERSION = YES;
				CLANG_WARN_INFINITE_RECURSION = YES;
				CLANG_WARN_INT_CONVERSION = YES;
				CLANG_WARN_NON_LITERAL_NULL_CONVERSION = YES;
				CLANG_WARN_OBJC_LITERAL_CONVERSION = YES;
				CLANG_WARN_OBJC_ROOT_CLASS = YES_ERROR;
				CLANG_WARN_RANGE_LOOP_ANALYSIS = YES;
				CLANG_WARN_STRICT_PROTOTYPES = YES;
				CLANG_WARN_SUSPICIOUS_MOVE = YES;
				CLANG_WARN_UNGUARDED_AVAILABILITY = YES_AGGRESSIVE;
				CLANG_WARN_UNREACHABLE_CODE = YES;
				CLANG_WARN__DUPLICATE_METHOD_MATCH = YES;
				CODE_SIGN_IDENTITY = "Mac Developer";
				COPY_PHASE_STRIP = NO;
				DEBUG_INFORMATION_FORMAT = "dwarf-with-dsym";
				ENABLE_NS_ASSERTIONS = NO;
				ENABLE_STRICT_OBJC_MSGSEND = YES;
				GCC_C_LANGUAGE_STANDARD = gnu11;
				GCC_NO_COMMON_BLOCKS = YES;
				GCC_WARN_64_TO_32_BIT_CONVERSION = YES;
				GCC_WARN_ABOUT_RETURN_TYPE = YES_ERROR;
				GCC_WARN_UNDECLARED_SELECTOR = YES;
				GCC_WARN_UNINITIALIZED_AUTOS = YES_AGGRESSIVE;
				GCC_WARN_UNUSED_FUNCTION = YES;
				GCC_WARN_UNUSED_VARIABLE = YES;
				MACOSX_DEPLOYMENT_TARGET = 10.13;
				MTL_ENABLE_DEBUG_INFO = NO;
				SDKROOT = macosx;
				SWIFT_OPTIMIZATION_LEVEL = "-Owholemodule";
			};
			name = Release;
		};
		17FCBD7620148FF4008B2871 /* Debug */ = {
			isa = XCBuildConfiguration;
			buildSettings = {
				ASSETCATALOG_COMPILER_APPICON_NAME = AppIcon;
				CODE_SIGN_ENTITLEMENTS = fancontrol/fancontrol.entitlements;
				CODE_SIGN_STYLE = Automatic;
				COMBINE_HIDPI_IMAGES = YES;
				DEVELOPMENT_TEAM = LG8SVVBJCM;
				INFOPLIST_FILE = fancontrol/Info.plist;
				LD_RUNPATH_SEARCH_PATHS = "$(inherited) @executable_path/../Frameworks";
				PRODUCT_BUNDLE_IDENTIFIER = "Florian-B.fancontrol";
				PRODUCT_NAME = "$(TARGET_NAME)";
				SWIFT_VERSION = 4.0;
			};
			name = Debug;
		};
		17FCBD7720148FF4008B2871 /* Release */ = {
			isa = XCBuildConfiguration;
			buildSettings = {
				ASSETCATALOG_COMPILER_APPICON_NAME = AppIcon;
				CODE_SIGN_ENTITLEMENTS = fancontrol/fancontrol.entitlements;
				CODE_SIGN_STYLE = Automatic;
				COMBINE_HIDPI_IMAGES = YES;
				DEVELOPMENT_TEAM = LG8SVVBJCM;
				INFOPLIST_FILE = fancontrol/Info.plist;
				LD_RUNPATH_SEARCH_PATHS = "$(inherited) @executable_path/../Frameworks";
				PRODUCT_BUNDLE_IDENTIFIER = "Florian-B.fancontrol";
				PRODUCT_NAME = "$(TARGET_NAME)";
				SWIFT_VERSION = 4.0;
			};
			name = Release;
		};
/* End XCBuildConfiguration section */

/* Begin XCConfigurationList section */
		17FCBD6020148FF3008B2871 /* Build configuration list for PBXProject "fancontrol" */ = {
			isa = XCConfigurationList;
			buildConfigurations = (
				17FCBD7320148FF4008B2871 /* Debug */,
				17FCBD7420148FF4008B2871 /* Release */,
			);
			defaultConfigurationIsVisible = 0;
			defaultConfigurationName = Release;
		};
		17FCBD7520148FF4008B2871 /* Build configuration list for PBXNativeTarget "fancontrol" */ = {
			isa = XCConfigurationList;
			buildConfigurations = (
				17FCBD7620148FF4008B2871 /* Debug */,
				17FCBD7720148FF4008B2871 /* Release */,
			);
			defaultConfigurationIsVisible = 0;
			defaultConfigurationName = Release;
		};
/* End XCConfigurationList section */
	};
	rootObject = 17FCBD5D20148FF3008B2871 /* Project object */;
}
