// !$*UTF8*$!
{
	archiveVersion = 1;
	classes = {
	};
	objectVersion = 46;
	objects = {

/* Begin PBXBuildFile section */
		178EF51A1F6FFD30000B2EFD /* AppDelegate.swift in Sources */ = {isa = PBXBuildFile; fileRef = 178EF5191F6FFD30000B2EFD /* AppDelegate.swift */; };
		178EF51C1F6FFD30000B2EFD /* ViewController.swift in Sources */ = {isa = PBXBuildFile; fileRef = 178EF51B1F6FFD30000B2EFD /* ViewController.swift */; };
		178EF51F1F6FFD30000B2EFD /* Main.storyboard in Resources */ = {isa = PBXBuildFile; fileRef = 178EF51D1F6FFD30000B2EFD /* Main.storyboard */; };
		178EF5211F6FFD30000B2EFD /* Assets.xcassets in Resources */ = {isa = PBXBuildFile; fileRef = 178EF5201F6FFD30000B2EFD /* Assets.xcassets */; };
		178EF5241F6FFD30000B2EFD /* LaunchScreen.storyboard in Resources */ = {isa = PBXBuildFile; fileRef = 178EF5221F6FFD30000B2EFD /* LaunchScreen.storyboard */; };
/* End PBXBuildFile section */

/* Begin PBXFileReference section */
		178EF5161F6FFD30000B2EFD /* First_App_Teki.app */ = {isa = PBXFileReference; explicitFileType = wrapper.application; includeInIndex = 0; path = First_App_Teki.app; sourceTree = BUILT_PRODUCTS_DIR; };
		178EF5191F6FFD30000B2EFD /* AppDelegate.swift */ = {isa = PBXFileReference; lastKnownFileType = sourcecode.swift; path = AppDelegate.swift; sourceTree = "<group>"; };
		178EF51B1F6FFD30000B2EFD /* ViewController.swift */ = {isa = PBXFileReference; lastKnownFileType = sourcecode.swift; path = ViewController.swift; sourceTree = "<group>"; };
		178EF51E1F6FFD30000B2EFD /* Base */ = {isa = PBXFileReference; lastKnownFileType = file.storyboard; name = Base; path = Base.lproj/Main.storyboard; sourceTree = "<group>"; };
		178EF5201F6FFD30000B2EFD /* Assets.xcassets */ = {isa = PBXFileReference; lastKnownFileType = folder.assetcatalog; path = Assets.xcassets; sourceTree = "<group>"; };
		178EF5231F6FFD30000B2EFD /* Base */ = {isa = PBXFileReference; lastKnownFileType = file.storyboard; name = Base; path = Base.lproj/LaunchScreen.storyboard; sourceTree = "<group>"; };
		178EF5251F6FFD30000B2EFD /* Info.plist */ = {isa = PBXFileReference; lastKnownFileType = text.plist.xml; path = Info.plist; sourceTree = "<group>"; };
/* End PBXFileReference section */

/* Begin PBXFrameworksBuildPhase section */
		178EF5131F6FFD30000B2EFD /* Frameworks */ = {
			isa = PBXFrameworksBuildPhase;
			buildActionMask = 2147483647;
			files = (
			);
			runOnlyForDeploymentPostprocessing = 0;
		};
/* End PBXFrameworksBuildPhase section */

/* Begin PBXGroup section */
		178EF50D1F6FFD30000B2EFD = {
			isa = PBXGroup;
			children = (
				178EF5181F6FFD30000B2EFD /* First_App_Teki */,
				178EF5171F6FFD30000B2EFD /* Products */,
			);
			sourceTree = "<group>";
		};
		178EF5171F6FFD30000B2EFD /* Products */ = {
			isa = PBXGroup;
			children = (
				178EF5161F6FFD30000B2EFD /* First_App_Teki.app */,
			);
			name = Products;
			sourceTree = "<group>";
		};
		178EF5181F6FFD30000B2EFD /* First_App_Teki */ = {
			isa = PBXGroup;
			children = (
				178EF52B1F70111A000B2EFD /* Supporting Files */,
				178EF51B1F6FFD30000B2EFD /* ViewController.swift */,
				178EF51D1F6FFD30000B2EFD /* Main.storyboard */,
			);
			path = First_App_Teki;
			sourceTree = "<group>";
		};
		178EF52B1F70111A000B2EFD /* Supporting Files */ = {
			isa = PBXGroup;
			children = (
				178EF5191F6FFD30000B2EFD /* AppDelegate.swift */,
				178EF5201F6FFD30000B2EFD /* Assets.xcassets */,
				178EF5221F6FFD30000B2EFD /* LaunchScreen.storyboard */,
				178EF5251F6FFD30000B2EFD /* Info.plist */,
			);
			name = "Supporting Files";
			sourceTree = "<group>";
		};
/* End PBXGroup section */

/* Begin PBXNativeTarget section */
		178EF5151F6FFD30000B2EFD /* First_App_Teki */ = {
			isa = PBXNativeTarget;
			buildConfigurationList = 178EF5281F6FFD30000B2EFD /* Build configuration list for PBXNativeTarget "First_App_Teki" */;
			buildPhases = (
				178EF5121F6FFD30000B2EFD /* Sources */,
				178EF5131F6FFD30000B2EFD /* Frameworks */,
				178EF5141F6FFD30000B2EFD /* Resources */,
			);
			buildRules = (
			);
			dependencies = (
			);
			name = First_App_Teki;
			productName = First_App_Teki;
			productReference = 178EF5161F6FFD30000B2EFD /* First_App_Teki.app */;
			productType = "com.apple.product-type.application";
		};
/* End PBXNativeTarget section */

/* Begin PBXProject section */
		178EF50E1F6FFD30000B2EFD /* Project object */ = {
			isa = PBXProject;
			attributes = {
				LastSwiftUpdateCheck = 0830;
				LastUpgradeCheck = 0830;
				ORGANIZATIONNAME = "Florian Beaumont";
				TargetAttributes = {
					178EF5151F6FFD30000B2EFD = {
						CreatedOnToolsVersion = 8.3.3;
						ProvisioningStyle = Automatic;
					};
				};
			};
			buildConfigurationList = 178EF5111F6FFD30000B2EFD /* Build configuration list for PBXProject "First_App_Teki" */;
			compatibilityVersion = "Xcode 3.2";
			developmentRegion = English;
			hasScannedForEncodings = 0;
			knownRegions = (
				en,
				Base,
			);
			mainGroup = 178EF50D1F6FFD30000B2EFD;
			productRefGroup = 178EF5171F6FFD30000B2EFD /* Products */;
			projectDirPath = "";
			projectRoot = "";
			targets = (
				178EF5151F6FFD30000B2EFD /* First_App_Teki */,
			);
		};
/* End PBXProject section */

/* Begin PBXResourcesBuildPhase section */
		178EF5141F6FFD30000B2EFD /* Resources */ = {
			isa = PBXResourcesBuildPhase;
			buildActionMask = 2147483647;
			files = (
				178EF5241F6FFD30000B2EFD /* LaunchScreen.storyboard in Resources */,
				178EF5211F6FFD30000B2EFD /* Assets.xcassets in Resources */,
				178EF51F1F6FFD30000B2EFD /* Main.storyboard in Resources */,
			);
			runOnlyForDeploymentPostprocessing = 0;
		};
/* End PBXResourcesBuildPhase section */

/* Begin PBXSourcesBuildPhase section */
		178EF5121F6FFD30000B2EFD /* Sources */ = {
			isa = PBXSourcesBuildPhase;
			buildActionMask = 2147483647;
			files = (
				178EF51C1F6FFD30000B2EFD /* ViewController.swift in Sources */,
				178EF51A1F6FFD30000B2EFD /* AppDelegate.swift in Sources */,
			);
			runOnlyForDeploymentPostprocessing = 0;
		};
/* End PBXSourcesBuildPhase section */

/* Begin PBXVariantGroup section */
		178EF51D1F6FFD30000B2EFD /* Main.storyboard */ = {
			isa = PBXVariantGroup;
			children = (
				178EF51E1F6FFD30000B2EFD /* Base */,
			);
			name = Main.storyboard;
			sourceTree = "<group>";
		};
		178EF5221F6FFD30000B2EFD /* LaunchScreen.storyboard */ = {
			isa = PBXVariantGroup;
			children = (
				178EF5231F6FFD30000B2EFD /* Base */,
			);
			name = LaunchScreen.storyboard;
			sourceTree = "<group>";
		};
/* End PBXVariantGroup section */

/* Begin XCBuildConfiguration section */
		178EF5261F6FFD30000B2EFD /* Debug */ = {
			isa = XCBuildConfiguration;
			buildSettings = {
				ALWAYS_SEARCH_USER_PATHS = NO;
				CLANG_ANALYZER_NONNULL = YES;
				CLANG_ANALYZER_NUMBER_OBJECT_CONVERSION = YES_AGGRESSIVE;
				CLANG_CXX_LANGUAGE_STANDARD = "gnu++0x";
				CLANG_CXX_LIBRARY = "libc++";
				CLANG_ENABLE_MODULES = YES;
				CLANG_ENABLE_OBJC_ARC = YES;
				CLANG_WARN_BOOL_CONVERSION = YES;
				CLANG_WARN_CONSTANT_CONVERSION = YES;
				CLANG_WARN_DIRECT_OBJC_ISA_USAGE = YES_ERROR;
				CLANG_WARN_DOCUMENTATION_COMMENTS = YES;
				CLANG_WARN_EMPTY_BODY = YES;
				CLANG_WARN_ENUM_CONVERSION = YES;
				CLANG_WARN_INFINITE_RECURSION = YES;
				CLANG_WARN_INT_CONVERSION = YES;
				CLANG_WARN_OBJC_ROOT_CLASS = YES_ERROR;
				CLANG_WARN_SUSPICIOUS_MOVE = YES;
				CLANG_WARN_UNREACHABLE_CODE = YES;
				CLANG_WARN__DUPLICATE_METHOD_MATCH = YES;
				"CODE_SIGN_IDENTITY[sdk=iphoneos*]" = "iPhone Developer";
				COPY_PHASE_STRIP = NO;
				DEBUG_INFORMATION_FORMAT = dwarf;
				ENABLE_STRICT_OBJC_MSGSEND = YES;
				ENABLE_TESTABILITY = YES;
				GCC_C_LANGUAGE_STANDARD = gnu99;
				GCC_DYNAMIC_NO_PIC = NO;
				GCC_NO_COMMON_BLOCKS = YES;
				GCC_OPTIMIZATION_LEVEL = 0;
				GCC_PREPROCESSOR_DEFINITIONS = (
					"DEBUG=1",
					"$(inherited)",
				);
				GCC_WARN_64_TO_32_BIT_CONVERSION = YES;
				GCC_WARN_ABOUT_RETURN_TYPE = YES_ERROR;
				GCC_WARN_UNDECLARED_SELECTOR = YES;
				GCC_WARN_UNINITIALIZED_AUTOS = YES_AGGRESSIVE;
				GCC_WARN_UNUSED_FUNCTION = YES;
				GCC_WARN_UNUSED_VARIABLE = YES;
				IPHONEOS_DEPLOYMENT_TARGET = 10.3;
				MTL_ENABLE_DEBUG_INFO = YES;
				ONLY_ACTIVE_ARCH = YES;
				SDKROOT = iphoneos;
				SWIFT_ACTIVE_COMPILATION_CONDITIONS = DEBUG;
				SWIFT_OPTIMIZATION_LEVEL = "-Onone";
				TARGETED_DEVICE_FAMILY = "1,2";
			};
			name = Debug;
		};
		178EF5271F6FFD30000B2EFD /* Release */ = {
			isa = XCBuildConfiguration;
			buildSettings = {
				ALWAYS_SEARCH_USER_PATHS = NO;
				CLANG_ANALYZER_NONNULL = YES;
				CLANG_ANALYZER_NUMBER_OBJECT_CONVERSION = YES_AGGRESSIVE;
				CLANG_CXX_LANGUAGE_STANDARD = "gnu++0x";
				CLANG_CXX_LIBRARY = "libc++";
				CLANG_ENABLE_MODULES = YES;
				CLANG_ENABLE_OBJC_ARC = YES;
				CLANG_WARN_BOOL_CONVERSION = YES;
				CLANG_WARN_CONSTANT_CONVERSION = YES;
				CLANG_WARN_DIRECT_OBJC_ISA_USAGE = YES_ERROR;
				CLANG_WARN_DOCUMENTATION_COMMENTS = YES;
				CLANG_WARN_EMPTY_BODY = YES;
				CLANG_WARN_ENUM_CONVERSION = YES;
				CLANG_WARN_INFINITE_RECURSION = YES;
				CLANG_WARN_INT_CONVERSION = YES;
				CLANG_WARN_OBJC_ROOT_CLASS = YES_ERROR;
				CLANG_WARN_SUSPICIOUS_MOVE = YES;
				CLANG_WARN_UNREACHABLE_CODE = YES;
				CLANG_WARN__DUPLICATE_METHOD_MATCH = YES;
				"CODE_SIGN_IDENTITY[sdk=iphoneos*]" = "iPhone Developer";
				COPY_PHASE_STRIP = NO;
				DEBUG_INFORMATION_FORMAT = "dwarf-with-dsym";
				ENABLE_NS_ASSERTIONS = NO;
				ENABLE_STRICT_OBJC_MSGSEND = YES;
				GCC_C_LANGUAGE_STANDARD = gnu99;
				GCC_NO_COMMON_BLOCKS = YES;
				GCC_WARN_64_TO_32_BIT_CONVERSION = YES;
				GCC_WARN_ABOUT_RETURN_TYPE = YES_ERROR;
				GCC_WARN_UNDECLARED_SELECTOR = YES;
				GCC_WARN_UNINITIALIZED_AUTOS = YES_AGGRESSIVE;
				GCC_WARN_UNUSED_FUNCTION = YES;
				GCC_WARN_UNUSED_VARIABLE = YES;
				IPHONEOS_DEPLOYMENT_TARGET = 10.3;
				MTL_ENABLE_DEBUG_INFO = NO;
				SDKROOT = iphoneos;
				SWIFT_OPTIMIZATION_LEVEL = "-Owholemodule";
				TARGETED_DEVICE_FAMILY = "1,2";
				VALIDATE_PRODUCT = YES;
			};
			name = Release;
		};
		178EF5291F6FFD30000B2EFD /* Debug */ = {
			isa = XCBuildConfiguration;
			buildSettings = {
				ASSETCATALOG_COMPILER_APPICON_NAME = AppIcon;
				INFOPLIST_FILE = First_App_Teki/Info.plist;
				LD_RUNPATH_SEARCH_PATHS = "$(inherited) @executable_path/Frameworks";
				PRODUCT_BUNDLE_IDENTIFIER = "com.florianbeaumont.First-App-Teki";
				PRODUCT_NAME = "$(TARGET_NAME)";
				SWIFT_VERSION = 3.0;
			};
			name = Debug;
		};
		178EF52A1F6FFD30000B2EFD /* Release */ = {
			isa = XCBuildConfiguration;
			buildSettings = {
				ASSETCATALOG_COMPILER_APPICON_NAME = AppIcon;
				INFOPLIST_FILE = First_App_Teki/Info.plist;
				LD_RUNPATH_SEARCH_PATHS = "$(inherited) @executable_path/Frameworks";
				PRODUCT_BUNDLE_IDENTIFIER = "com.florianbeaumont.First-App-Teki";
				PRODUCT_NAME = "$(TARGET_NAME)";
				SWIFT_VERSION = 3.0;
			};
			name = Release;
		};
/* End XCBuildConfiguration section */

/* Begin XCConfigurationList section */
		178EF5111F6FFD30000B2EFD /* Build configuration list for PBXProject "First_App_Teki" */ = {
			isa = XCConfigurationList;
			buildConfigurations = (
				178EF5261F6FFD30000B2EFD /* Debug */,
				178EF5271F6FFD30000B2EFD /* Release */,
			);
			defaultConfigurationIsVisible = 0;
			defaultConfigurationName = Release;
		};
		178EF5281F6FFD30000B2EFD /* Build configuration list for PBXNativeTarget "First_App_Teki" */ = {
			isa = XCConfigurationList;
			buildConfigurations = (
				178EF5291F6FFD30000B2EFD /* Debug */,
				178EF52A1F6FFD30000B2EFD /* Release */,
			);
			defaultConfigurationIsVisible = 0;
		};
/* End XCConfigurationList section */
	};
	rootObject = 178EF50E1F6FFD30000B2EFD /* Project object */;
}
